{
  "requires": true,
  "lockfileVersion": 1,
  "dependencies": {
    "adal-angular": {
      "version": "1.0.17",
      "resolved": "https://registry.npmjs.org/adal-angular/-/adal-angular-1.0.17.tgz",
      "integrity": "sha1-bpNuDkH5HTsqiOf/ypwvb29WLMQ="
    },
    "async": {
      "version": "2.6.3",
      "resolved": "https://registry.npmjs.org/async/-/async-2.6.3.tgz",
      "integrity": "sha512-zflvls11DCy+dQWzTW2dzuilv8Z5X/pjfmZOWba6TNIVDm+2UDaJmXSOXlasHKfNBs8oo3M0aT50fDEWfKZjXg==",
      "requires": {
        "lodash": "^4.17.14"
      }
    },
    "lodash": {
      "version": "4.17.15",
      "resolved": "https://registry.npmjs.org/lodash/-/lodash-4.17.15.tgz",
      "integrity": "sha512-8xOcRHvCjnocdS5cpwXQXVzmmh5e5+saE2QGoeQmbKmRS6J3VQppPOIt0MnmE+4xlZoumy0GPG0D0MVIQbNA1A=="
    },
    "msal": {
      "version": "1.1.3",
      "resolved": "https://registry.npmjs.org/msal/-/msal-1.1.3.tgz",
      "integrity": "sha512-cdShb+N1H3OyR1y46ij6OO7QzeqC6BxrbrNcouS4JBrr1+DnZ55TumxQKEzWmTXHvsbsuz5PCyXZl812Un8L9g==",
      "requires": {
        "tslib": "^1.9.3"
      }
    },
    "tslib": {
      "version": "1.10.0",
      "resolved": "https://registry.npmjs.org/tslib/-/tslib-1.10.0.tgz",
      "integrity": "sha512-qOebF53frne81cf0S9B41ByenJ3/IuH8yJKngAX35CmiZySA0khhkovshKK+jGCaMnVomla7gVlIcc3EvKPbTQ=="
    },
    "vue-adal": {
      "version": "1.3.1",
      "resolved": "https://registry.npmjs.org/vue-adal/-/vue-adal-1.3.1.tgz",
      "integrity": "sha512-9G8IOVHyyReHXvSUe49Yfzl7pjScyFYKIa4gvjOGrKSjkzmlY9EwQFrhf9jtMyHr8TWYjBgxgBB0tAIkl8jZng==",
      "requires": {
        "adal-angular": "^1.0.16",
        "async": "^2.6.0"
      }
    }
  }
}
