Microsoft Visual Studio Solution File, Format Version 12.00
# Visual Studio Version 16
VisualStudioVersion = 16.0.29326.143
MinimumVisualStudioVersion = 10.0.40219.1
Project("{2150E333-8FDC-42A3-9474-1A3956D46DE8}") = "Catalyst.Framework", "Catalyst.Framework", "{F22E3A64-E7C1-44FB-B9E4-FBF230AE5C82}"
EndProject
Project("{2150E333-8FDC-42A3-9474-1A3956D46DE8}") = "nethermind", "nethermind", "{70579426-F44D-4E28-981E-9A34A7D4CBBB}"
EndProject
Project("{9A19103F-16F7-4668-BE54-9A1E7A4F7556}") = "Nethermind.Core", "submodules\Catalyst.Framework\submodules\nethermind\src\Nethermind\Nethermind.Core\Nethermind.Core.csproj", "{F7CBA40B-42BC-4A39-A19D-1C25E01C2A60}"
EndProject
Project("{9A19103F-16F7-4668-BE54-9A1E7A4F7556}") = "Nethermind.Evm", "submodules\Catalyst.Framework\submodules\nethermind\src\Nethermind\Nethermind.Evm\Nethermind.Evm.csproj", "{9CD71B94-3E21-46B5-BCDF-9A9F1B1F6B5F}"
EndProject
Project("{9A19103F-16F7-4668-BE54-9A1E7A4F7556}") = "Catalyst.Protocol", "submodules\Catalyst.Framework\src\Catalyst.Protocol\Catalyst.Protocol.csproj", "{DECD21EA-E12E-4A60-8A63-2FB70C029BB0}"
EndProject
Project("{9A19103F-16F7-4668-BE54-9A1E7A4F7556}") = "Catalyst.Core.Lib", "submodules\Catalyst.Framework\src\Catalyst.Core.Lib\Catalyst.Core.Lib.csproj", "{9346C1A6-874F-48C6-856D-8ED04BFE5F51}"
EndProject
Project("{9A19103F-16F7-4668-BE54-9A1E7A4F7556}") = "Nethermind.Dirichlet.Numerics", "submodules\Catalyst.Framework\submodules\nethermind\src\Dirichlet\Nethermind.Dirichlet.Numerics\Nethermind.Dirichlet.Numerics.csproj", "{913B9719-2313-4CCC-8EF5-02CC8E0B8A65}"
EndProject
Project("{9A19103F-16F7-4668-BE54-9A1E7A4F7556}") = "Catalyst.Abstractions", "submodules\Catalyst.Framework\src\Catalyst.Abstractions\Catalyst.Abstractions.csproj", "{11412EC2-F487-4482-AF65-B97654A03D68}"
EndProject
Project("{9A19103F-16F7-4668-BE54-9A1E7A4F7556}") = "Catalyst.Core.Modules.Rpc.Client", "submodules\Catalyst.Framework\src\Catalyst.Core.Modules.Rpc.Client\Catalyst.Core.Modules.Rpc.Client.csproj", "{4697B95C-77F8-4FAA-8888-9DE1679E4D97}"
EndProject
Project("{9A19103F-16F7-4668-BE54-9A1E7A4F7556}") = "DocumentStamp", "DocumentStamp\DocumentStamp.csproj", "{68BC32C8-B0DD-43C1-BB5D-468CFEF28141}"
EndProject
Project("{9A19103F-16F7-4668-BE54-9A1E7A4F7556}") = "Nethermind.Store", "submodules\Catalyst.Framework\submodules\nethermind\src\Nethermind\Nethermind.Store\Nethermind.Store.csproj", "{5518072B-5937-485B-B80B-726D78FECE7F}"
EndProject
Project("{9A19103F-16F7-4668-BE54-9A1E7A4F7556}") = "Nethermind.Secp256k1", "submodules\Catalyst.Framework\submodules\nethermind\src\Nethermind\Nethermind.Secp256k1\Nethermind.Secp256k1.csproj", "{A8974D01-E936-4163-8EB6-F2E98E90318F}"
EndProject
Project("{9A19103F-16F7-4668-BE54-9A1E7A4F7556}") = "Nethermind.Logging", "submodules\Catalyst.Framework\submodules\nethermind\src\Nethermind\Nethermind.Logging\Nethermind.Logging.csproj", "{8F36E85C-5D51-4F14-9408-E3E9F1F87210}"
EndProject
Project("{9A19103F-16F7-4668-BE54-9A1E7A4F7556}") = "Nethermind.HashLib", "submodules\Catalyst.Framework\submodules\nethermind\src\Nethermind\Nethermind.HashLib\Nethermind.HashLib.csproj", "{FAB5C55B-2313-4196-92B0-17E31C33C409}"
EndProject
Project("{9A19103F-16F7-4668-BE54-9A1E7A4F7556}") = "Catalyst.Core.Modules.KeySigner", "submodules\Catalyst.Framework\src\Catalyst.Core.Modules.KeySigner\Catalyst.Core.Modules.KeySigner.csproj", "{EFA7664A-FD80-48F6-8328-8A80948AE805}"
EndProject
Project("{9A19103F-16F7-4668-BE54-9A1E7A4F7556}") = "Catalyst.Core.Modules.Hashing", "submodules\Catalyst.Framework\src\Catalyst.Core.Modules.Hashing\Catalyst.Core.Modules.Hashing.csproj", "{80D4635F-BF9E-4190-9E65-46DE955D27D3}"
EndProject
Project("{9A19103F-16F7-4668-BE54-9A1E7A4F7556}") = "Catalyst.Core.Modules.Keystore", "submodules\Catalyst.Framework\src\Catalyst.Core.Modules.Keystore\Catalyst.Core.Modules.Keystore.csproj", "{621F7200-B377-43D0-909E-6A4B385E3553}"
EndProject
Project("{9A19103F-16F7-4668-BE54-9A1E7A4F7556}") = "Catalyst.Core.Modules.Cryptography.BulletProofs", "submodules\Catalyst.Framework\src\Catalyst.Core.Modules.Cryptography.BulletProofs\Catalyst.Core.Modules.Cryptography.BulletProofs.csproj", "{1F4B580F-7155-4776-B5A2-74717F2C8390}"
EndProject
Project("{9A19103F-16F7-4668-BE54-9A1E7A4F7556}") = "Catalyst.Simulator", "submodules\Catalyst.Framework\src\Catalyst.Simulator\Catalyst.Simulator.csproj", "{ED87A3A9-EAA1-45A4-B201-B184FC5A52A2}"
EndProject
Global
	GlobalSection(SolutionConfigurationPlatforms) = preSolution
		Debug|Any CPU = Debug|Any CPU
		Debug|x64 = Debug|x64
		Debug|x86 = Debug|x86
		Release|Any CPU = Release|Any CPU
		Release|x64 = Release|x64
		Release|x86 = Release|x86
	EndGlobalSection
	GlobalSection(ProjectConfigurationPlatforms) = postSolution
		{F7CBA40B-42BC-4A39-A19D-1C25E01C2A60}.Debug|Any CPU.ActiveCfg = Debug|Any CPU
		{F7CBA40B-42BC-4A39-A19D-1C25E01C2A60}.Debug|Any CPU.Build.0 = Debug|Any CPU
		{F7CBA40B-42BC-4A39-A19D-1C25E01C2A60}.Debug|x64.ActiveCfg = Debug|Any CPU
		{F7CBA40B-42BC-4A39-A19D-1C25E01C2A60}.Debug|x64.Build.0 = Debug|Any CPU
		{F7CBA40B-42BC-4A39-A19D-1C25E01C2A60}.Debug|x86.ActiveCfg = Debug|Any CPU
		{F7CBA40B-42BC-4A39-A19D-1C25E01C2A60}.Debug|x86.Build.0 = Debug|Any CPU
		{F7CBA40B-42BC-4A39-A19D-1C25E01C2A60}.Release|Any CPU.ActiveCfg = Release|Any CPU
		{F7CBA40B-42BC-4A39-A19D-1C25E01C2A60}.Release|Any CPU.Build.0 = Release|Any CPU
		{F7CBA40B-42BC-4A39-A19D-1C25E01C2A60}.Release|x64.ActiveCfg = Release|Any CPU
		{F7CBA40B-42BC-4A39-A19D-1C25E01C2A60}.Release|x64.Build.0 = Release|Any CPU
		{F7CBA40B-42BC-4A39-A19D-1C25E01C2A60}.Release|x86.ActiveCfg = Release|Any CPU
		{F7CBA40B-42BC-4A39-A19D-1C25E01C2A60}.Release|x86.Build.0 = Release|Any CPU
		{9CD71B94-3E21-46B5-BCDF-9A9F1B1F6B5F}.Debug|Any CPU.ActiveCfg = Debug|Any CPU
		{9CD71B94-3E21-46B5-BCDF-9A9F1B1F6B5F}.Debug|Any CPU.Build.0 = Debug|Any CPU
		{9CD71B94-3E21-46B5-BCDF-9A9F1B1F6B5F}.Debug|x64.ActiveCfg = Debug|Any CPU
		{9CD71B94-3E21-46B5-BCDF-9A9F1B1F6B5F}.Debug|x64.Build.0 = Debug|Any CPU
		{9CD71B94-3E21-46B5-BCDF-9A9F1B1F6B5F}.Debug|x86.ActiveCfg = Debug|Any CPU
		{9CD71B94-3E21-46B5-BCDF-9A9F1B1F6B5F}.Debug|x86.Build.0 = Debug|Any CPU
		{9CD71B94-3E21-46B5-BCDF-9A9F1B1F6B5F}.Release|Any CPU.ActiveCfg = Release|Any CPU
		{9CD71B94-3E21-46B5-BCDF-9A9F1B1F6B5F}.Release|Any CPU.Build.0 = Release|Any CPU
		{9CD71B94-3E21-46B5-BCDF-9A9F1B1F6B5F}.Release|x64.ActiveCfg = Release|Any CPU
		{9CD71B94-3E21-46B5-BCDF-9A9F1B1F6B5F}.Release|x64.Build.0 = Release|Any CPU
		{9CD71B94-3E21-46B5-BCDF-9A9F1B1F6B5F}.Release|x86.ActiveCfg = Release|Any CPU
		{9CD71B94-3E21-46B5-BCDF-9A9F1B1F6B5F}.Release|x86.Build.0 = Release|Any CPU
		{DECD21EA-E12E-4A60-8A63-2FB70C029BB0}.Debug|Any CPU.ActiveCfg = Debug|Any CPU
		{DECD21EA-E12E-4A60-8A63-2FB70C029BB0}.Debug|Any CPU.Build.0 = Debug|Any CPU
		{DECD21EA-E12E-4A60-8A63-2FB70C029BB0}.Debug|x64.ActiveCfg = Debug|Any CPU
		{DECD21EA-E12E-4A60-8A63-2FB70C029BB0}.Debug|x64.Build.0 = Debug|Any CPU
		{DECD21EA-E12E-4A60-8A63-2FB70C029BB0}.Debug|x86.ActiveCfg = Debug|Any CPU
		{DECD21EA-E12E-4A60-8A63-2FB70C029BB0}.Debug|x86.Build.0 = Debug|Any CPU
		{DECD21EA-E12E-4A60-8A63-2FB70C029BB0}.Release|Any CPU.ActiveCfg = Release|Any CPU
		{DECD21EA-E12E-4A60-8A63-2FB70C029BB0}.Release|Any CPU.Build.0 = Release|Any CPU
		{DECD21EA-E12E-4A60-8A63-2FB70C029BB0}.Release|x64.ActiveCfg = Release|Any CPU
		{DECD21EA-E12E-4A60-8A63-2FB70C029BB0}.Release|x64.Build.0 = Release|Any CPU
		{DECD21EA-E12E-4A60-8A63-2FB70C029BB0}.Release|x86.ActiveCfg = Release|Any CPU
		{DECD21EA-E12E-4A60-8A63-2FB70C029BB0}.Release|x86.Build.0 = Release|Any CPU
		{9346C1A6-874F-48C6-856D-8ED04BFE5F51}.Debug|Any CPU.ActiveCfg = Debug|Any CPU
		{9346C1A6-874F-48C6-856D-8ED04BFE5F51}.Debug|Any CPU.Build.0 = Debug|Any CPU
		{9346C1A6-874F-48C6-856D-8ED04BFE5F51}.Debug|x64.ActiveCfg = Debug|Any CPU
		{9346C1A6-874F-48C6-856D-8ED04BFE5F51}.Debug|x64.Build.0 = Debug|Any CPU
		{9346C1A6-874F-48C6-856D-8ED04BFE5F51}.Debug|x86.ActiveCfg = Debug|Any CPU
		{9346C1A6-874F-48C6-856D-8ED04BFE5F51}.Debug|x86.Build.0 = Debug|Any CPU
		{9346C1A6-874F-48C6-856D-8ED04BFE5F51}.Release|Any CPU.ActiveCfg = Release|Any CPU
		{9346C1A6-874F-48C6-856D-8ED04BFE5F51}.Release|Any CPU.Build.0 = Release|Any CPU
		{9346C1A6-874F-48C6-856D-8ED04BFE5F51}.Release|x64.ActiveCfg = Release|Any CPU
		{9346C1A6-874F-48C6-856D-8ED04BFE5F51}.Release|x64.Build.0 = Release|Any CPU
		{9346C1A6-874F-48C6-856D-8ED04BFE5F51}.Release|x86.ActiveCfg = Release|Any CPU
		{9346C1A6-874F-48C6-856D-8ED04BFE5F51}.Release|x86.Build.0 = Release|Any CPU
		{913B9719-2313-4CCC-8EF5-02CC8E0B8A65}.Debug|Any CPU.ActiveCfg = Debug|Any CPU
		{913B9719-2313-4CCC-8EF5-02CC8E0B8A65}.Debug|Any CPU.Build.0 = Debug|Any CPU
		{913B9719-2313-4CCC-8EF5-02CC8E0B8A65}.Debug|x64.ActiveCfg = Debug|Any CPU
		{913B9719-2313-4CCC-8EF5-02CC8E0B8A65}.Debug|x64.Build.0 = Debug|Any CPU
		{913B9719-2313-4CCC-8EF5-02CC8E0B8A65}.Debug|x86.ActiveCfg = Debug|Any CPU
		{913B9719-2313-4CCC-8EF5-02CC8E0B8A65}.Debug|x86.Build.0 = Debug|Any CPU
		{913B9719-2313-4CCC-8EF5-02CC8E0B8A65}.Release|Any CPU.ActiveCfg = Release|Any CPU
		{913B9719-2313-4CCC-8EF5-02CC8E0B8A65}.Release|Any CPU.Build.0 = Release|Any CPU
		{913B9719-2313-4CCC-8EF5-02CC8E0B8A65}.Release|x64.ActiveCfg = Release|Any CPU
		{913B9719-2313-4CCC-8EF5-02CC8E0B8A65}.Release|x64.Build.0 = Release|Any CPU
		{913B9719-2313-4CCC-8EF5-02CC8E0B8A65}.Release|x86.ActiveCfg = Release|Any CPU
		{913B9719-2313-4CCC-8EF5-02CC8E0B8A65}.Release|x86.Build.0 = Release|Any CPU
		{11412EC2-F487-4482-AF65-B97654A03D68}.Debug|Any CPU.ActiveCfg = Debug|Any CPU
		{11412EC2-F487-4482-AF65-B97654A03D68}.Debug|Any CPU.Build.0 = Debug|Any CPU
		{11412EC2-F487-4482-AF65-B97654A03D68}.Debug|x64.ActiveCfg = Debug|Any CPU
		{11412EC2-F487-4482-AF65-B97654A03D68}.Debug|x64.Build.0 = Debug|Any CPU
		{11412EC2-F487-4482-AF65-B97654A03D68}.Debug|x86.ActiveCfg = Debug|Any CPU
		{11412EC2-F487-4482-AF65-B97654A03D68}.Debug|x86.Build.0 = Debug|Any CPU
		{11412EC2-F487-4482-AF65-B97654A03D68}.Release|Any CPU.ActiveCfg = Release|Any CPU
		{11412EC2-F487-4482-AF65-B97654A03D68}.Release|Any CPU.Build.0 = Release|Any CPU
		{11412EC2-F487-4482-AF65-B97654A03D68}.Release|x64.ActiveCfg = Release|Any CPU
		{11412EC2-F487-4482-AF65-B97654A03D68}.Release|x64.Build.0 = Release|Any CPU
		{11412EC2-F487-4482-AF65-B97654A03D68}.Release|x86.ActiveCfg = Release|Any CPU
		{11412EC2-F487-4482-AF65-B97654A03D68}.Release|x86.Build.0 = Release|Any CPU
		{4697B95C-77F8-4FAA-8888-9DE1679E4D97}.Debug|Any CPU.ActiveCfg = Debug|Any CPU
		{4697B95C-77F8-4FAA-8888-9DE1679E4D97}.Debug|Any CPU.Build.0 = Debug|Any CPU
		{4697B95C-77F8-4FAA-8888-9DE1679E4D97}.Debug|x64.ActiveCfg = Debug|Any CPU
		{4697B95C-77F8-4FAA-8888-9DE1679E4D97}.Debug|x64.Build.0 = Debug|Any CPU
		{4697B95C-77F8-4FAA-8888-9DE1679E4D97}.Debug|x86.ActiveCfg = Debug|Any CPU
		{4697B95C-77F8-4FAA-8888-9DE1679E4D97}.Debug|x86.Build.0 = Debug|Any CPU
		{4697B95C-77F8-4FAA-8888-9DE1679E4D97}.Release|Any CPU.ActiveCfg = Release|Any CPU
		{4697B95C-77F8-4FAA-8888-9DE1679E4D97}.Release|Any CPU.Build.0 = Release|Any CPU
		{4697B95C-77F8-4FAA-8888-9DE1679E4D97}.Release|x64.ActiveCfg = Release|Any CPU
		{4697B95C-77F8-4FAA-8888-9DE1679E4D97}.Release|x64.Build.0 = Release|Any CPU
		{4697B95C-77F8-4FAA-8888-9DE1679E4D97}.Release|x86.ActiveCfg = Release|Any CPU
		{4697B95C-77F8-4FAA-8888-9DE1679E4D97}.Release|x86.Build.0 = Release|Any CPU
		{68BC32C8-B0DD-43C1-BB5D-468CFEF28141}.Debug|Any CPU.ActiveCfg = Debug|Any CPU
		{68BC32C8-B0DD-43C1-BB5D-468CFEF28141}.Debug|Any CPU.Build.0 = Debug|Any CPU
		{68BC32C8-B0DD-43C1-BB5D-468CFEF28141}.Debug|x64.ActiveCfg = Debug|Any CPU
		{68BC32C8-B0DD-43C1-BB5D-468CFEF28141}.Debug|x64.Build.0 = Debug|Any CPU
		{68BC32C8-B0DD-43C1-BB5D-468CFEF28141}.Debug|x86.ActiveCfg = Debug|Any CPU
		{68BC32C8-B0DD-43C1-BB5D-468CFEF28141}.Debug|x86.Build.0 = Debug|Any CPU
		{68BC32C8-B0DD-43C1-BB5D-468CFEF28141}.Release|Any CPU.ActiveCfg = Release|Any CPU
		{68BC32C8-B0DD-43C1-BB5D-468CFEF28141}.Release|Any CPU.Build.0 = Release|Any CPU
		{68BC32C8-B0DD-43C1-BB5D-468CFEF28141}.Release|x64.ActiveCfg = Release|Any CPU
		{68BC32C8-B0DD-43C1-BB5D-468CFEF28141}.Release|x64.Build.0 = Release|Any CPU
		{68BC32C8-B0DD-43C1-BB5D-468CFEF28141}.Release|x86.ActiveCfg = Release|Any CPU
		{68BC32C8-B0DD-43C1-BB5D-468CFEF28141}.Release|x86.Build.0 = Release|Any CPU
		{5518072B-5937-485B-B80B-726D78FECE7F}.Debug|Any CPU.ActiveCfg = Debug|Any CPU
		{5518072B-5937-485B-B80B-726D78FECE7F}.Debug|Any CPU.Build.0 = Debug|Any CPU
		{5518072B-5937-485B-B80B-726D78FECE7F}.Debug|x64.ActiveCfg = Debug|Any CPU
		{5518072B-5937-485B-B80B-726D78FECE7F}.Debug|x64.Build.0 = Debug|Any CPU
		{5518072B-5937-485B-B80B-726D78FECE7F}.Debug|x86.ActiveCfg = Debug|Any CPU
		{5518072B-5937-485B-B80B-726D78FECE7F}.Debug|x86.Build.0 = Debug|Any CPU
		{5518072B-5937-485B-B80B-726D78FECE7F}.Release|Any CPU.ActiveCfg = Release|Any CPU
		{5518072B-5937-485B-B80B-726D78FECE7F}.Release|Any CPU.Build.0 = Release|Any CPU
		{5518072B-5937-485B-B80B-726D78FECE7F}.Release|x64.ActiveCfg = Release|Any CPU
		{5518072B-5937-485B-B80B-726D78FECE7F}.Release|x64.Build.0 = Release|Any CPU
		{5518072B-5937-485B-B80B-726D78FECE7F}.Release|x86.ActiveCfg = Release|Any CPU
		{5518072B-5937-485B-B80B-726D78FECE7F}.Release|x86.Build.0 = Release|Any CPU
		{A8974D01-E936-4163-8EB6-F2E98E90318F}.Debug|Any CPU.ActiveCfg = Debug|Any CPU
		{A8974D01-E936-4163-8EB6-F2E98E90318F}.Debug|Any CPU.Build.0 = Debug|Any CPU
		{A8974D01-E936-4163-8EB6-F2E98E90318F}.Debug|x64.ActiveCfg = Debug|Any CPU
		{A8974D01-E936-4163-8EB6-F2E98E90318F}.Debug|x64.Build.0 = Debug|Any CPU
		{A8974D01-E936-4163-8EB6-F2E98E90318F}.Debug|x86.ActiveCfg = Debug|Any CPU
		{A8974D01-E936-4163-8EB6-F2E98E90318F}.Debug|x86.Build.0 = Debug|Any CPU
		{A8974D01-E936-4163-8EB6-F2E98E90318F}.Release|Any CPU.ActiveCfg = Release|Any CPU
		{A8974D01-E936-4163-8EB6-F2E98E90318F}.Release|Any CPU.Build.0 = Release|Any CPU
		{A8974D01-E936-4163-8EB6-F2E98E90318F}.Release|x64.ActiveCfg = Release|Any CPU
		{A8974D01-E936-4163-8EB6-F2E98E90318F}.Release|x64.Build.0 = Release|Any CPU
		{A8974D01-E936-4163-8EB6-F2E98E90318F}.Release|x86.ActiveCfg = Release|Any CPU
		{A8974D01-E936-4163-8EB6-F2E98E90318F}.Release|x86.Build.0 = Release|Any CPU
		{8F36E85C-5D51-4F14-9408-E3E9F1F87210}.Debug|Any CPU.ActiveCfg = Debug|Any CPU
		{8F36E85C-5D51-4F14-9408-E3E9F1F87210}.Debug|Any CPU.Build.0 = Debug|Any CPU
		{8F36E85C-5D51-4F14-9408-E3E9F1F87210}.Debug|x64.ActiveCfg = Debug|Any CPU
		{8F36E85C-5D51-4F14-9408-E3E9F1F87210}.Debug|x64.Build.0 = Debug|Any CPU
		{8F36E85C-5D51-4F14-9408-E3E9F1F87210}.Debug|x86.ActiveCfg = Debug|Any CPU
		{8F36E85C-5D51-4F14-9408-E3E9F1F87210}.Debug|x86.Build.0 = Debug|Any CPU
		{8F36E85C-5D51-4F14-9408-E3E9F1F87210}.Release|Any CPU.ActiveCfg = Release|Any CPU
		{8F36E85C-5D51-4F14-9408-E3E9F1F87210}.Release|Any CPU.Build.0 = Release|Any CPU
		{8F36E85C-5D51-4F14-9408-E3E9F1F87210}.Release|x64.ActiveCfg = Release|Any CPU
		{8F36E85C-5D51-4F14-9408-E3E9F1F87210}.Release|x64.Build.0 = Release|Any CPU
		{8F36E85C-5D51-4F14-9408-E3E9F1F87210}.Release|x86.ActiveCfg = Release|Any CPU
		{8F36E85C-5D51-4F14-9408-E3E9F1F87210}.Release|x86.Build.0 = Release|Any CPU
		{FAB5C55B-2313-4196-92B0-17E31C33C409}.Debug|Any CPU.ActiveCfg = Debug|Any CPU
		{FAB5C55B-2313-4196-92B0-17E31C33C409}.Debug|Any CPU.Build.0 = Debug|Any CPU
		{FAB5C55B-2313-4196-92B0-17E31C33C409}.Debug|x64.ActiveCfg = Debug|Any CPU
		{FAB5C55B-2313-4196-92B0-17E31C33C409}.Debug|x64.Build.0 = Debug|Any CPU
		{FAB5C55B-2313-4196-92B0-17E31C33C409}.Debug|x86.ActiveCfg = Debug|Any CPU
		{FAB5C55B-2313-4196-92B0-17E31C33C409}.Debug|x86.Build.0 = Debug|Any CPU
		{FAB5C55B-2313-4196-92B0-17E31C33C409}.Release|Any CPU.ActiveCfg = Release|Any CPU
		{FAB5C55B-2313-4196-92B0-17E31C33C409}.Release|Any CPU.Build.0 = Release|Any CPU
		{FAB5C55B-2313-4196-92B0-17E31C33C409}.Release|x64.ActiveCfg = Release|Any CPU
		{FAB5C55B-2313-4196-92B0-17E31C33C409}.Release|x64.Build.0 = Release|Any CPU
		{FAB5C55B-2313-4196-92B0-17E31C33C409}.Release|x86.ActiveCfg = Release|Any CPU
		{FAB5C55B-2313-4196-92B0-17E31C33C409}.Release|x86.Build.0 = Release|Any CPU
		{EFA7664A-FD80-48F6-8328-8A80948AE805}.Debug|Any CPU.ActiveCfg = Debug|Any CPU
		{EFA7664A-FD80-48F6-8328-8A80948AE805}.Debug|Any CPU.Build.0 = Debug|Any CPU
		{EFA7664A-FD80-48F6-8328-8A80948AE805}.Debug|x64.ActiveCfg = Debug|Any CPU
		{EFA7664A-FD80-48F6-8328-8A80948AE805}.Debug|x64.Build.0 = Debug|Any CPU
		{EFA7664A-FD80-48F6-8328-8A80948AE805}.Debug|x86.ActiveCfg = Debug|Any CPU
		{EFA7664A-FD80-48F6-8328-8A80948AE805}.Debug|x86.Build.0 = Debug|Any CPU
		{EFA7664A-FD80-48F6-8328-8A80948AE805}.Release|Any CPU.ActiveCfg = Release|Any CPU
		{EFA7664A-FD80-48F6-8328-8A80948AE805}.Release|Any CPU.Build.0 = Release|Any CPU
		{EFA7664A-FD80-48F6-8328-8A80948AE805}.Release|x64.ActiveCfg = Release|Any CPU
		{EFA7664A-FD80-48F6-8328-8A80948AE805}.Release|x64.Build.0 = Release|Any CPU
		{EFA7664A-FD80-48F6-8328-8A80948AE805}.Release|x86.ActiveCfg = Release|Any CPU
		{EFA7664A-FD80-48F6-8328-8A80948AE805}.Release|x86.Build.0 = Release|Any CPU
		{80D4635F-BF9E-4190-9E65-46DE955D27D3}.Debug|Any CPU.ActiveCfg = Debug|Any CPU
		{80D4635F-BF9E-4190-9E65-46DE955D27D3}.Debug|Any CPU.Build.0 = Debug|Any CPU
		{80D4635F-BF9E-4190-9E65-46DE955D27D3}.Debug|x64.ActiveCfg = Debug|Any CPU
		{80D4635F-BF9E-4190-9E65-46DE955D27D3}.Debug|x64.Build.0 = Debug|Any CPU
		{80D4635F-BF9E-4190-9E65-46DE955D27D3}.Debug|x86.ActiveCfg = Debug|Any CPU
		{80D4635F-BF9E-4190-9E65-46DE955D27D3}.Debug|x86.Build.0 = Debug|Any CPU
		{80D4635F-BF9E-4190-9E65-46DE955D27D3}.Release|Any CPU.ActiveCfg = Release|Any CPU
		{80D4635F-BF9E-4190-9E65-46DE955D27D3}.Release|Any CPU.Build.0 = Release|Any CPU
		{80D4635F-BF9E-4190-9E65-46DE955D27D3}.Release|x64.ActiveCfg = Release|Any CPU
		{80D4635F-BF9E-4190-9E65-46DE955D27D3}.Release|x64.Build.0 = Release|Any CPU
		{80D4635F-BF9E-4190-9E65-46DE955D27D3}.Release|x86.ActiveCfg = Release|Any CPU
		{80D4635F-BF9E-4190-9E65-46DE955D27D3}.Release|x86.Build.0 = Release|Any CPU
		{621F7200-B377-43D0-909E-6A4B385E3553}.Debug|Any CPU.ActiveCfg = Debug|Any CPU
		{621F7200-B377-43D0-909E-6A4B385E3553}.Debug|Any CPU.Build.0 = Debug|Any CPU
		{621F7200-B377-43D0-909E-6A4B385E3553}.Debug|x64.ActiveCfg = Debug|Any CPU
		{621F7200-B377-43D0-909E-6A4B385E3553}.Debug|x64.Build.0 = Debug|Any CPU
		{621F7200-B377-43D0-909E-6A4B385E3553}.Debug|x86.ActiveCfg = Debug|Any CPU
		{621F7200-B377-43D0-909E-6A4B385E3553}.Debug|x86.Build.0 = Debug|Any CPU
		{621F7200-B377-43D0-909E-6A4B385E3553}.Release|Any CPU.ActiveCfg = Release|Any CPU
		{621F7200-B377-43D0-909E-6A4B385E3553}.Release|Any CPU.Build.0 = Release|Any CPU
		{621F7200-B377-43D0-909E-6A4B385E3553}.Release|x64.ActiveCfg = Release|Any CPU
		{621F7200-B377-43D0-909E-6A4B385E3553}.Release|x64.Build.0 = Release|Any CPU
		{621F7200-B377-43D0-909E-6A4B385E3553}.Release|x86.ActiveCfg = Release|Any CPU
		{621F7200-B377-43D0-909E-6A4B385E3553}.Release|x86.Build.0 = Release|Any CPU
		{1F4B580F-7155-4776-B5A2-74717F2C8390}.Debug|Any CPU.ActiveCfg = Debug|Any CPU
		{1F4B580F-7155-4776-B5A2-74717F2C8390}.Debug|Any CPU.Build.0 = Debug|Any CPU
		{1F4B580F-7155-4776-B5A2-74717F2C8390}.Debug|x64.ActiveCfg = Debug|Any CPU
		{1F4B580F-7155-4776-B5A2-74717F2C8390}.Debug|x64.Build.0 = Debug|Any CPU
		{1F4B580F-7155-4776-B5A2-74717F2C8390}.Debug|x86.ActiveCfg = Debug|Any CPU
		{1F4B580F-7155-4776-B5A2-74717F2C8390}.Debug|x86.Build.0 = Debug|Any CPU
		{1F4B580F-7155-4776-B5A2-74717F2C8390}.Release|Any CPU.ActiveCfg = Release|Any CPU
		{1F4B580F-7155-4776-B5A2-74717F2C8390}.Release|Any CPU.Build.0 = Release|Any CPU
		{1F4B580F-7155-4776-B5A2-74717F2C8390}.Release|x64.ActiveCfg = Release|Any CPU
		{1F4B580F-7155-4776-B5A2-74717F2C8390}.Release|x64.Build.0 = Release|Any CPU
		{1F4B580F-7155-4776-B5A2-74717F2C8390}.Release|x86.ActiveCfg = Release|Any CPU
		{1F4B580F-7155-4776-B5A2-74717F2C8390}.Release|x86.Build.0 = Release|Any CPU
		{ED87A3A9-EAA1-45A4-B201-B184FC5A52A2}.Debug|Any CPU.ActiveCfg = Debug|Any CPU
		{ED87A3A9-EAA1-45A4-B201-B184FC5A52A2}.Debug|Any CPU.Build.0 = Debug|Any CPU
		{ED87A3A9-EAA1-45A4-B201-B184FC5A52A2}.Debug|x64.ActiveCfg = Debug|Any CPU
		{ED87A3A9-EAA1-45A4-B201-B184FC5A52A2}.Debug|x64.Build.0 = Debug|Any CPU
		{ED87A3A9-EAA1-45A4-B201-B184FC5A52A2}.Debug|x86.ActiveCfg = Debug|Any CPU
		{ED87A3A9-EAA1-45A4-B201-B184FC5A52A2}.Debug|x86.Build.0 = Debug|Any CPU
		{ED87A3A9-EAA1-45A4-B201-B184FC5A52A2}.Release|Any CPU.ActiveCfg = Release|Any CPU
		{ED87A3A9-EAA1-45A4-B201-B184FC5A52A2}.Release|Any CPU.Build.0 = Release|Any CPU
		{ED87A3A9-EAA1-45A4-B201-B184FC5A52A2}.Release|x64.ActiveCfg = Release|Any CPU
		{ED87A3A9-EAA1-45A4-B201-B184FC5A52A2}.Release|x64.Build.0 = Release|Any CPU
		{ED87A3A9-EAA1-45A4-B201-B184FC5A52A2}.Release|x86.ActiveCfg = Release|Any CPU
		{ED87A3A9-EAA1-45A4-B201-B184FC5A52A2}.Release|x86.Build.0 = Release|Any CPU
	EndGlobalSection
	GlobalSection(SolutionProperties) = preSolution
		HideSolutionNode = FALSE
	EndGlobalSection
	GlobalSection(NestedProjects) = preSolution
		{70579426-F44D-4E28-981E-9A34A7D4CBBB} = {F22E3A64-E7C1-44FB-B9E4-FBF230AE5C82}
		{F7CBA40B-42BC-4A39-A19D-1C25E01C2A60} = {70579426-F44D-4E28-981E-9A34A7D4CBBB}
		{9CD71B94-3E21-46B5-BCDF-9A9F1B1F6B5F} = {70579426-F44D-4E28-981E-9A34A7D4CBBB}
		{DECD21EA-E12E-4A60-8A63-2FB70C029BB0} = {F22E3A64-E7C1-44FB-B9E4-FBF230AE5C82}
		{9346C1A6-874F-48C6-856D-8ED04BFE5F51} = {F22E3A64-E7C1-44FB-B9E4-FBF230AE5C82}
		{913B9719-2313-4CCC-8EF5-02CC8E0B8A65} = {70579426-F44D-4E28-981E-9A34A7D4CBBB}
		{11412EC2-F487-4482-AF65-B97654A03D68} = {F22E3A64-E7C1-44FB-B9E4-FBF230AE5C82}
		{4697B95C-77F8-4FAA-8888-9DE1679E4D97} = {F22E3A64-E7C1-44FB-B9E4-FBF230AE5C82}
		{5518072B-5937-485B-B80B-726D78FECE7F} = {70579426-F44D-4E28-981E-9A34A7D4CBBB}
		{A8974D01-E936-4163-8EB6-F2E98E90318F} = {70579426-F44D-4E28-981E-9A34A7D4CBBB}
		{8F36E85C-5D51-4F14-9408-E3E9F1F87210} = {70579426-F44D-4E28-981E-9A34A7D4CBBB}
		{FAB5C55B-2313-4196-92B0-17E31C33C409} = {70579426-F44D-4E28-981E-9A34A7D4CBBB}
		{EFA7664A-FD80-48F6-8328-8A80948AE805} = {F22E3A64-E7C1-44FB-B9E4-FBF230AE5C82}
		{80D4635F-BF9E-4190-9E65-46DE955D27D3} = {F22E3A64-E7C1-44FB-B9E4-FBF230AE5C82}
		{621F7200-B377-43D0-909E-6A4B385E3553} = {F22E3A64-E7C1-44FB-B9E4-FBF230AE5C82}
		{1F4B580F-7155-4776-B5A2-74717F2C8390} = {F22E3A64-E7C1-44FB-B9E4-FBF230AE5C82}
		{ED87A3A9-EAA1-45A4-B201-B184FC5A52A2} = {F22E3A64-E7C1-44FB-B9E4-FBF230AE5C82}
	EndGlobalSection
	GlobalSection(ExtensibilityGlobals) = postSolution
		SolutionGuid = {4FD60A80-8C70-4BD7-96BD-CFFBAFB63E7F}
	EndGlobalSection
EndGlobal
